// !$*UTF8*$!
{
	archiveVersion = 1;
	classes = {
	};
	objectVersion = 46;
	objects = {

/* Begin PBXBuildFile section */
		237392BF1837DF6A00D6B693 /* mock_peggy.rb in Resources */ = {isa = PBXBuildFile; fileRef = 237392BE1837DF6A00D6B693 /* mock_peggy.rb */; };
		23B11914183BC6DC00518917 /* MainInterfaceIphone.storyboard in Resources */ = {isa = PBXBuildFile; fileRef = 23B11913183BC6DC00518917 /* MainInterfaceIphone.storyboard */; };
		23B11916183BC6E900518917 /* MainInterfaceIpad.storyboard in Resources */ = {isa = PBXBuildFile; fileRef = 23B11915183BC6E900518917 /* MainInterfaceIpad.storyboard */; };
		23BC642E18356F6F00CEB00D /* PEGBoardViewController.m in Sources */ = {isa = PBXBuildFile; fileRef = 23BC642D18356F6F00CEB00D /* PEGBoardViewController.m */; };
		23BC643118356F8B00CEB00D /* PEGBoardView.m in Sources */ = {isa = PBXBuildFile; fileRef = 23BC643018356F8B00CEB00D /* PEGBoardView.m */; };
		23BC643718356FB200CEB00D /* PEGBoard.m in Sources */ = {isa = PBXBuildFile; fileRef = 23BC643618356FB200CEB00D /* PEGBoard.m */; };
		23BC643A1835749500CEB00D /* PEGClient.m in Sources */ = {isa = PBXBuildFile; fileRef = 23BC64391835749500CEB00D /* PEGClient.m */; };
		23CD67DA18356E2C00238761 /* Foundation.framework in Frameworks */ = {isa = PBXBuildFile; fileRef = 23CD67D918356E2C00238761 /* Foundation.framework */; };
		23CD67DC18356E2C00238761 /* CoreGraphics.framework in Frameworks */ = {isa = PBXBuildFile; fileRef = 23CD67DB18356E2C00238761 /* CoreGraphics.framework */; };
		23CD67DE18356E2C00238761 /* UIKit.framework in Frameworks */ = {isa = PBXBuildFile; fileRef = 23CD67DD18356E2C00238761 /* UIKit.framework */; };
		23CD67E418356E2C00238761 /* InfoPlist.strings in Resources */ = {isa = PBXBuildFile; fileRef = 23CD67E218356E2C00238761 /* InfoPlist.strings */; };
		23CD67E618356E2C00238761 /* main.m in Sources */ = {isa = PBXBuildFile; fileRef = 23CD67E518356E2C00238761 /* main.m */; };
		23CD67EA18356E2C00238761 /* PEGAppDelegate.m in Sources */ = {isa = PBXBuildFile; fileRef = 23CD67E918356E2C00238761 /* PEGAppDelegate.m */; };
		23CD67EC18356E2C00238761 /* Images.xcassets in Resources */ = {isa = PBXBuildFile; fileRef = 23CD67EB18356E2C00238761 /* Images.xcassets */; };
		23CD67F318356E2C00238761 /* XCTest.framework in Frameworks */ = {isa = PBXBuildFile; fileRef = 23CD67F218356E2C00238761 /* XCTest.framework */; };
		23CD67F418356E2C00238761 /* Foundation.framework in Frameworks */ = {isa = PBXBuildFile; fileRef = 23CD67D918356E2C00238761 /* Foundation.framework */; };
		23CD67F518356E2C00238761 /* UIKit.framework in Frameworks */ = {isa = PBXBuildFile; fileRef = 23CD67DD18356E2C00238761 /* UIKit.framework */; };
		23CD67FD18356E2C00238761 /* InfoPlist.strings in Resources */ = {isa = PBXBuildFile; fileRef = 23CD67FB18356E2C00238761 /* InfoPlist.strings */; };
		23CD67FF18356E2C00238761 /* PeggyBoardTests.m in Sources */ = {isa = PBXBuildFile; fileRef = 23CD67FE18356E2C00238761 /* PeggyBoardTests.m */; };
		F73C91BFD85E4FF6ACDC7AA1 /* libPods.a in Frameworks */ = {isa = PBXBuildFile; fileRef = 005E29F7EF354C17A190747E /* libPods.a */; };
/* End PBXBuildFile section */

/* Begin PBXContainerItemProxy section */
		23CD67F618356E2C00238761 /* PBXContainerItemProxy */ = {
			isa = PBXContainerItemProxy;
			containerPortal = 23CD67CE18356E2C00238761 /* Project object */;
			proxyType = 1;
			remoteGlobalIDString = 23CD67D518356E2C00238761;
			remoteInfo = PeggyBoard;
		};
/* End PBXContainerItemProxy section */

/* Begin PBXFileReference section */
		005E29F7EF354C17A190747E /* libPods.a */ = {isa = PBXFileReference; explicitFileType = archive.ar; includeInIndex = 0; path = libPods.a; sourceTree = BUILT_PRODUCTS_DIR; };
		237392BE1837DF6A00D6B693 /* mock_peggy.rb */ = {isa = PBXFileReference; fileEncoding = 4; lastKnownFileType = text.script.ruby; path = mock_peggy.rb; sourceTree = "<group>"; };
		23B11913183BC6DC00518917 /* MainInterfaceIphone.storyboard */ = {isa = PBXFileReference; fileEncoding = 4; lastKnownFileType = file.storyboard; path = MainInterfaceIphone.storyboard; sourceTree = "<group>"; };
		23B11915183BC6E900518917 /* MainInterfaceIpad.storyboard */ = {isa = PBXFileReference; fileEncoding = 4; lastKnownFileType = file.storyboard; path = MainInterfaceIpad.storyboard; sourceTree = "<group>"; };
		23BC642C18356F6F00CEB00D /* PEGBoardViewController.h */ = {isa = PBXFileReference; fileEncoding = 4; lastKnownFileType = sourcecode.c.h; path = PEGBoardViewController.h; sourceTree = "<group>"; };
		23BC642D18356F6F00CEB00D /* PEGBoardViewController.m */ = {isa = PBXFileReference; fileEncoding = 4; lastKnownFileType = sourcecode.c.objc; path = PEGBoardViewController.m; sourceTree = "<group>"; };
		23BC642F18356F8B00CEB00D /* PEGBoardView.h */ = {isa = PBXFileReference; fileEncoding = 4; lastKnownFileType = sourcecode.c.h; path = PEGBoardView.h; sourceTree = "<group>"; };
		23BC643018356F8B00CEB00D /* PEGBoardView.m */ = {isa = PBXFileReference; fileEncoding = 4; lastKnownFileType = sourcecode.c.objc; path = PEGBoardView.m; sourceTree = "<group>"; };
		23BC643518356FB200CEB00D /* PEGBoard.h */ = {isa = PBXFileReference; fileEncoding = 4; lastKnownFileType = sourcecode.c.h; path = PEGBoard.h; sourceTree = "<group>"; };
		23BC643618356FB200CEB00D /* PEGBoard.m */ = {isa = PBXFileReference; fileEncoding = 4; lastKnownFileType = sourcecode.c.objc; path = PEGBoard.m; sourceTree = "<group>"; };
		23BC64381835749500CEB00D /* PEGClient.h */ = {isa = PBXFileReference; fileEncoding = 4; lastKnownFileType = sourcecode.c.h; path = PEGClient.h; sourceTree = "<group>"; };
		23BC64391835749500CEB00D /* PEGClient.m */ = {isa = PBXFileReference; fileEncoding = 4; lastKnownFileType = sourcecode.c.objc; path = PEGClient.m; sourceTree = "<group>"; };
		23CD67D618356E2C00238761 /* PeggyBoard.app */ = {isa = PBXFileReference; explicitFileType = wrapper.application; includeInIndex = 0; path = PeggyBoard.app; sourceTree = BUILT_PRODUCTS_DIR; };
		23CD67D918356E2C00238761 /* Foundation.framework */ = {isa = PBXFileReference; lastKnownFileType = wrapper.framework; name = Foundation.framework; path = System/Library/Frameworks/Foundation.framework; sourceTree = SDKROOT; };
		23CD67DB18356E2C00238761 /* CoreGraphics.framework */ = {isa = PBXFileReference; lastKnownFileType = wrapper.framework; name = CoreGraphics.framework; path = System/Library/Frameworks/CoreGraphics.framework; sourceTree = SDKROOT; };
		23CD67DD18356E2C00238761 /* UIKit.framework */ = {isa = PBXFileReference; lastKnownFileType = wrapper.framework; name = UIKit.framework; path = System/Library/Frameworks/UIKit.framework; sourceTree = SDKROOT; };
		23CD67E118356E2C00238761 /* PeggyBoard-Info.plist */ = {isa = PBXFileReference; lastKnownFileType = text.plist.xml; path = "PeggyBoard-Info.plist"; sourceTree = "<group>"; };
		23CD67E318356E2C00238761 /* en */ = {isa = PBXFileReference; lastKnownFileType = text.plist.strings; name = en; path = en.lproj/InfoPlist.strings; sourceTree = "<group>"; };
		23CD67E518356E2C00238761 /* main.m */ = {isa = PBXFileReference; lastKnownFileType = sourcecode.c.objc; path = main.m; sourceTree = "<group>"; };
		23CD67E718356E2C00238761 /* PeggyBoard-Prefix.pch */ = {isa = PBXFileReference; lastKnownFileType = sourcecode.c.h; path = "PeggyBoard-Prefix.pch"; sourceTree = "<group>"; };
		23CD67E818356E2C00238761 /* PEGAppDelegate.h */ = {isa = PBXFileReference; lastKnownFileType = sourcecode.c.h; path = PEGAppDelegate.h; sourceTree = "<group>"; };
		23CD67E918356E2C00238761 /* PEGAppDelegate.m */ = {isa = PBXFileReference; lastKnownFileType = sourcecode.c.objc; path = PEGAppDelegate.m; sourceTree = "<group>"; };
		23CD67EB18356E2C00238761 /* Images.xcassets */ = {isa = PBXFileReference; lastKnownFileType = folder.assetcatalog; path = Images.xcassets; sourceTree = "<group>"; };
		23CD67F118356E2C00238761 /* PeggyBoardTests.xctest */ = {isa = PBXFileReference; explicitFileType = wrapper.cfbundle; includeInIndex = 0; path = PeggyBoardTests.xctest; sourceTree = BUILT_PRODUCTS_DIR; };
		23CD67F218356E2C00238761 /* XCTest.framework */ = {isa = PBXFileReference; lastKnownFileType = wrapper.framework; name = XCTest.framework; path = Library/Frameworks/XCTest.framework; sourceTree = DEVELOPER_DIR; };
		23CD67FA18356E2C00238761 /* PeggyBoardTests-Info.plist */ = {isa = PBXFileReference; lastKnownFileType = text.plist.xml; path = "PeggyBoardTests-Info.plist"; sourceTree = "<group>"; };
		23CD67FC18356E2C00238761 /* en */ = {isa = PBXFileReference; lastKnownFileType = text.plist.strings; name = en; path = en.lproj/InfoPlist.strings; sourceTree = "<group>"; };
		23CD67FE18356E2C00238761 /* PeggyBoardTests.m */ = {isa = PBXFileReference; lastKnownFileType = sourcecode.c.objc; path = PeggyBoardTests.m; sourceTree = "<group>"; };
		524123A3965A4196A71B3387 /* Pods.xcconfig */ = {isa = PBXFileReference; includeInIndex = 1; lastKnownFileType = text.xcconfig; name = Pods.xcconfig; path = Pods/Pods.xcconfig; sourceTree = "<group>"; };
/* End PBXFileReference section */

/* Begin PBXFrameworksBuildPhase section */
		23CD67D318356E2C00238761 /* Frameworks */ = {
			isa = PBXFrameworksBuildPhase;
			buildActionMask = 2147483647;
			files = (
				23CD67DC18356E2C00238761 /* CoreGraphics.framework in Frameworks */,
				23CD67DE18356E2C00238761 /* UIKit.framework in Frameworks */,
				23CD67DA18356E2C00238761 /* Foundation.framework in Frameworks */,
				F73C91BFD85E4FF6ACDC7AA1 /* libPods.a in Frameworks */,
			);
			runOnlyForDeploymentPostprocessing = 0;
		};
		23CD67EE18356E2C00238761 /* Frameworks */ = {
			isa = PBXFrameworksBuildPhase;
			buildActionMask = 2147483647;
			files = (
				23CD67F318356E2C00238761 /* XCTest.framework in Frameworks */,
				23CD67F518356E2C00238761 /* UIKit.framework in Frameworks */,
				23CD67F418356E2C00238761 /* Foundation.framework in Frameworks */,
			);
			runOnlyForDeploymentPostprocessing = 0;
		};
/* End PBXFrameworksBuildPhase section */

/* Begin PBXGroup section */
		23CD67CD18356E2C00238761 = {
			isa = PBXGroup;
			children = (
				237392BE1837DF6A00D6B693 /* mock_peggy.rb */,
				23CD67DF18356E2C00238761 /* PeggyBoard */,
				23CD67F818356E2C00238761 /* PeggyBoardTests */,
				23CD67D818356E2C00238761 /* Frameworks */,
				23CD67D718356E2C00238761 /* Products */,
				524123A3965A4196A71B3387 /* Pods.xcconfig */,
			);
			sourceTree = "<group>";
		};
		23CD67D718356E2C00238761 /* Products */ = {
			isa = PBXGroup;
			children = (
				23CD67D618356E2C00238761 /* PeggyBoard.app */,
				23CD67F118356E2C00238761 /* PeggyBoardTests.xctest */,
			);
			name = Products;
			sourceTree = "<group>";
		};
		23CD67D818356E2C00238761 /* Frameworks */ = {
			isa = PBXGroup;
			children = (
				23CD67D918356E2C00238761 /* Foundation.framework */,
				23CD67DB18356E2C00238761 /* CoreGraphics.framework */,
				23CD67DD18356E2C00238761 /* UIKit.framework */,
				23CD67F218356E2C00238761 /* XCTest.framework */,
				005E29F7EF354C17A190747E /* libPods.a */,
			);
			name = Frameworks;
			sourceTree = "<group>";
		};
		23CD67DF18356E2C00238761 /* PeggyBoard */ = {
			isa = PBXGroup;
			children = (
				23CD67E818356E2C00238761 /* PEGAppDelegate.h */,
				23CD67E918356E2C00238761 /* PEGAppDelegate.m */,
				23CD67EB18356E2C00238761 /* Images.xcassets */,
				23CD67E018356E2C00238761 /* Supporting Files */,
				23BC642C18356F6F00CEB00D /* PEGBoardViewController.h */,
				23BC642D18356F6F00CEB00D /* PEGBoardViewController.m */,
				23BC642F18356F8B00CEB00D /* PEGBoardView.h */,
				23BC643018356F8B00CEB00D /* PEGBoardView.m */,
				23BC643518356FB200CEB00D /* PEGBoard.h */,
				23BC643618356FB200CEB00D /* PEGBoard.m */,
				23BC64381835749500CEB00D /* PEGClient.h */,
				23BC64391835749500CEB00D /* PEGClient.m */,
				23B11913183BC6DC00518917 /* MainInterfaceIphone.storyboard */,
				23B11915183BC6E900518917 /* MainInterfaceIpad.storyboard */,
			);
			path = PeggyBoard;
			sourceTree = "<group>";
		};
		23CD67E018356E2C00238761 /* Supporting Files */ = {
			isa = PBXGroup;
			children = (
				23CD67E118356E2C00238761 /* PeggyBoard-Info.plist */,
				23CD67E218356E2C00238761 /* InfoPlist.strings */,
				23CD67E518356E2C00238761 /* main.m */,
				23CD67E718356E2C00238761 /* PeggyBoard-Prefix.pch */,
			);
			name = "Supporting Files";
			sourceTree = "<group>";
		};
		23CD67F818356E2C00238761 /* PeggyBoardTests */ = {
			isa = PBXGroup;
			children = (
				23CD67FE18356E2C00238761 /* PeggyBoardTests.m */,
				23CD67F918356E2C00238761 /* Supporting Files */,
			);
			path = PeggyBoardTests;
			sourceTree = "<group>";
		};
		23CD67F918356E2C00238761 /* Supporting Files */ = {
			isa = PBXGroup;
			children = (
				23CD67FA18356E2C00238761 /* PeggyBoardTests-Info.plist */,
				23CD67FB18356E2C00238761 /* InfoPlist.strings */,
			);
			name = "Supporting Files";
			sourceTree = "<group>";
		};
/* End PBXGroup section */

/* Begin PBXNativeTarget section */
		23CD67D518356E2C00238761 /* PeggyBoard */ = {
			isa = PBXNativeTarget;
			buildConfigurationList = 23CD680218356E2C00238761 /* Build configuration list for PBXNativeTarget "PeggyBoard" */;
			buildPhases = (
				E20F92CDC2BF4A73BB5A6413 /* Check Pods Manifest.lock */,
				23CD67D218356E2C00238761 /* Sources */,
				23CD67D318356E2C00238761 /* Frameworks */,
				23CD67D418356E2C00238761 /* Resources */,
				B22926A7F5254AD0BAE82A88 /* Copy Pods Resources */,
			);
			buildRules = (
			);
			dependencies = (
			);
			name = PeggyBoard;
			productName = PeggyBoard;
			productReference = 23CD67D618356E2C00238761 /* PeggyBoard.app */;
			productType = "com.apple.product-type.application";
		};
		23CD67F018356E2C00238761 /* PeggyBoardTests */ = {
			isa = PBXNativeTarget;
			buildConfigurationList = 23CD680518356E2C00238761 /* Build configuration list for PBXNativeTarget "PeggyBoardTests" */;
			buildPhases = (
				23CD67ED18356E2C00238761 /* Sources */,
				23CD67EE18356E2C00238761 /* Frameworks */,
				23CD67EF18356E2C00238761 /* Resources */,
			);
			buildRules = (
			);
			dependencies = (
				23CD67F718356E2C00238761 /* PBXTargetDependency */,
			);
			name = PeggyBoardTests;
			productName = PeggyBoardTests;
			productReference = 23CD67F118356E2C00238761 /* PeggyBoardTests.xctest */;
			productType = "com.apple.product-type.bundle.unit-test";
		};
/* End PBXNativeTarget section */

/* Begin PBXProject section */
		23CD67CE18356E2C00238761 /* Project object */ = {
			isa = PBXProject;
			attributes = {
				CLASSPREFIX = PEG;
				LastUpgradeCheck = 0510;
				ORGANIZATIONNAME = "Jacob Good";
				TargetAttributes = {
					23CD67D518356E2C00238761 = {
						DevelopmentTeam = PY95F3888U;
					};
					23CD67F018356E2C00238761 = {
						TestTargetID = 23CD67D518356E2C00238761;
					};
				};
			};
			buildConfigurationList = 23CD67D118356E2C00238761 /* Build configuration list for PBXProject "PeggyBoard" */;
			compatibilityVersion = "Xcode 3.2";
			developmentRegion = English;
			hasScannedForEncodings = 0;
			knownRegions = (
				en,
			);
			mainGroup = 23CD67CD18356E2C00238761;
			productRefGroup = 23CD67D718356E2C00238761 /* Products */;
			projectDirPath = "";
			projectRoot = "";
			targets = (
				23CD67D518356E2C00238761 /* PeggyBoard */,
				23CD67F018356E2C00238761 /* PeggyBoardTests */,
			);
		};
/* End PBXProject section */

/* Begin PBXResourcesBuildPhase section */
		23CD67D418356E2C00238761 /* Resources */ = {
			isa = PBXResourcesBuildPhase;
			buildActionMask = 2147483647;
			files = (
				23CD67E418356E2C00238761 /* InfoPlist.strings in Resources */,
				237392BF1837DF6A00D6B693 /* mock_peggy.rb in Resources */,
				23B11914183BC6DC00518917 /* MainInterfaceIphone.storyboard in Resources */,
				23CD67EC18356E2C00238761 /* Images.xcassets in Resources */,
				23B11916183BC6E900518917 /* MainInterfaceIpad.storyboard in Resources */,
			);
			runOnlyForDeploymentPostprocessing = 0;
		};
		23CD67EF18356E2C00238761 /* Resources */ = {
			isa = PBXResourcesBuildPhase;
			buildActionMask = 2147483647;
			files = (
				23CD67FD18356E2C00238761 /* InfoPlist.strings in Resources */,
			);
			runOnlyForDeploymentPostprocessing = 0;
		};
/* End PBXResourcesBuildPhase section */

/* Begin PBXShellScriptBuildPhase section */
		B22926A7F5254AD0BAE82A88 /* Copy Pods Resources */ = {
			isa = PBXShellScriptBuildPhase;
			buildActionMask = 2147483647;
			files = (
			);
			inputPaths = (
			);
			name = "Copy Pods Resources";
			outputPaths = (
			);
			runOnlyForDeploymentPostprocessing = 0;
			shellPath = /bin/sh;
			shellScript = "\"${SRCROOT}/Pods/Pods-resources.sh\"\n";
			showEnvVarsInLog = 0;
		};
		E20F92CDC2BF4A73BB5A6413 /* Check Pods Manifest.lock */ = {
			isa = PBXShellScriptBuildPhase;
			buildActionMask = 2147483647;
			files = (
			);
			inputPaths = (
			);
			name = "Check Pods Manifest.lock";
			outputPaths = (
			);
			runOnlyForDeploymentPostprocessing = 0;
			shellPath = /bin/sh;
			shellScript = "diff \"${PODS_ROOT}/../Podfile.lock\" \"${PODS_ROOT}/Manifest.lock\" > /dev/null\nif [[ $? != 0 ]] ; then\n    cat << EOM\nerror: The sandbox is not in sync with the Podfile.lock. Run 'pod install' or update your CocoaPods installation.\nEOM\n    exit 1\nfi\n";
			showEnvVarsInLog = 0;
		};
/* End PBXShellScriptBuildPhase section */

/* Begin PBXSourcesBuildPhase section */
		23CD67D218356E2C00238761 /* Sources */ = {
			isa = PBXSourcesBuildPhase;
			buildActionMask = 2147483647;
			files = (
				23BC643118356F8B00CEB00D /* PEGBoardView.m in Sources */,
				23BC643A1835749500CEB00D /* PEGClient.m in Sources */,
				23CD67E618356E2C00238761 /* main.m in Sources */,
				23BC642E18356F6F00CEB00D /* PEGBoardViewController.m in Sources */,
				23CD67EA18356E2C00238761 /* PEGAppDelegate.m in Sources */,
				23BC643718356FB200CEB00D /* PEGBoard.m in Sources */,
			);
			runOnlyForDeploymentPostprocessing = 0;
		};
		23CD67ED18356E2C00238761 /* Sources */ = {
			isa = PBXSourcesBuildPhase;
			buildActionMask = 2147483647;
			files = (
				23CD67FF18356E2C00238761 /* PeggyBoardTests.m in Sources */,
			);
			runOnlyForDeploymentPostprocessing = 0;
		};
/* End PBXSourcesBuildPhase section */

/* Begin PBXTargetDependency section */
		23CD67F718356E2C00238761 /* PBXTargetDependency */ = {
			isa = PBXTargetDependency;
			target = 23CD67D518356E2C00238761 /* PeggyBoard */;
			targetProxy = 23CD67F618356E2C00238761 /* PBXContainerItemProxy */;
		};
/* End PBXTargetDependency section */

/* Begin PBXVariantGroup section */
		23CD67E218356E2C00238761 /* InfoPlist.strings */ = {
			isa = PBXVariantGroup;
			children = (
				23CD67E318356E2C00238761 /* en */,
			);
			name = InfoPlist.strings;
			sourceTree = "<group>";
		};
		23CD67FB18356E2C00238761 /* InfoPlist.strings */ = {
			isa = PBXVariantGroup;
			children = (
				23CD67FC18356E2C00238761 /* en */,
			);
			name = InfoPlist.strings;
			sourceTree = "<group>";
		};
/* End PBXVariantGroup section */

/* Begin XCBuildConfiguration section */
		23CD680018356E2C00238761 /* Debug */ = {
			isa = XCBuildConfiguration;
			buildSettings = {
				ALWAYS_SEARCH_USER_PATHS = NO;
				CLANG_CXX_LANGUAGE_STANDARD = "gnu++0x";
				CLANG_CXX_LIBRARY = "libc++";
				CLANG_ENABLE_MODULES = YES;
				CLANG_ENABLE_OBJC_ARC = YES;
				CLANG_WARN_BOOL_CONVERSION = YES;
				CLANG_WARN_CONSTANT_CONVERSION = YES;
				CLANG_WARN_DIRECT_OBJC_ISA_USAGE = YES_ERROR;
				CLANG_WARN_EMPTY_BODY = YES;
				CLANG_WARN_ENUM_CONVERSION = YES;
				CLANG_WARN_INT_CONVERSION = YES;
				CLANG_WARN_OBJC_ROOT_CLASS = YES_ERROR;
				CLANG_WARN__DUPLICATE_METHOD_MATCH = YES;
				"CODE_SIGN_IDENTITY[sdk=iphoneos*]" = "iPhone Developer";
				COPY_PHASE_STRIP = NO;
				GCC_C_LANGUAGE_STANDARD = gnu99;
				GCC_DYNAMIC_NO_PIC = NO;
				GCC_OPTIMIZATION_LEVEL = 0;
				GCC_PREPROCESSOR_DEFINITIONS = (
					"DEBUG=1",
					"$(inherited)",
				);
				GCC_SYMBOLS_PRIVATE_EXTERN = NO;
				GCC_WARN_64_TO_32_BIT_CONVERSION = YES;
				GCC_WARN_ABOUT_RETURN_TYPE = YES_ERROR;
				GCC_WARN_UNDECLARED_SELECTOR = YES;
				GCC_WARN_UNINITIALIZED_AUTOS = YES;
				GCC_WARN_UNUSED_FUNCTION = YES;
				GCC_WARN_UNUSED_VARIABLE = YES;
				IPHONEOS_DEPLOYMENT_TARGET = 7.1;
				ONLY_ACTIVE_ARCH = YES;
				SDKROOT = iphoneos;
				TARGETED_DEVICE_FAMILY = "1,2";
			};
			name = Debug;
		};
		23CD680118356E2C00238761 /* Release */ = {
			isa = XCBuildConfiguration;
			buildSettings = {
				ALWAYS_SEARCH_USER_PATHS = NO;
				CLANG_CXX_LANGUAGE_STANDARD = "gnu++0x";
				CLANG_CXX_LIBRARY = "libc++";
				CLANG_ENABLE_MODULES = YES;
				CLANG_ENABLE_OBJC_ARC = YES;
				CLANG_WARN_BOOL_CONVERSION = YES;
				CLANG_WARN_CONSTANT_CONVERSION = YES;
				CLANG_WARN_DIRECT_OBJC_ISA_USAGE = YES_ERROR;
				CLANG_WARN_EMPTY_BODY = YES;
				CLANG_WARN_ENUM_CONVERSION = YES;
				CLANG_WARN_INT_CONVERSION = YES;
				CLANG_WARN_OBJC_ROOT_CLASS = YES_ERROR;
				CLANG_WARN__DUPLICATE_METHOD_MATCH = YES;
				"CODE_SIGN_IDENTITY[sdk=iphoneos*]" = "iPhone Developer";
				COPY_PHASE_STRIP = YES;
				ENABLE_NS_ASSERTIONS = NO;
				GCC_C_LANGUAGE_STANDARD = gnu99;
				GCC_WARN_64_TO_32_BIT_CONVERSION = YES;
				GCC_WARN_ABOUT_RETURN_TYPE = YES_ERROR;
				GCC_WARN_UNDECLARED_SELECTOR = YES;
				GCC_WARN_UNINITIALIZED_AUTOS = YES;
				GCC_WARN_UNUSED_FUNCTION = YES;
				GCC_WARN_UNUSED_VARIABLE = YES;
				IPHONEOS_DEPLOYMENT_TARGET = 7.1;
				SDKROOT = iphoneos;
				TARGETED_DEVICE_FAMILY = "1,2";
				VALIDATE_PRODUCT = YES;
			};
			name = Release;
		};
		23CD680318356E2C00238761 /* Debug */ = {
			isa = XCBuildConfiguration;
			baseConfigurationReference = 524123A3965A4196A71B3387 /* Pods.xcconfig */;
			buildSettings = {
				ASSETCATALOG_COMPILER_APPICON_NAME = AppIcon;
				ASSETCATALOG_COMPILER_LAUNCHIMAGE_NAME = LaunchImage;
				CODE_SIGN_IDENTITY = "iPhone Developer";
				"CODE_SIGN_IDENTITY[sdk=iphoneos*]" = "iPhone Developer";
				GCC_PRECOMPILE_PREFIX_HEADER = YES;
				GCC_PREFIX_HEADER = "PeggyBoard/PeggyBoard-Prefix.pch";
				INFOPLIST_FILE = "PeggyBoard/PeggyBoard-Info.plist";
				PRODUCT_NAME = "$(TARGET_NAME)";
				PROVISIONING_PROFILE = "";
				WRAPPER_EXTENSION = app;
			};
			name = Debug;
		};
		23CD680418356E2C00238761 /* Release */ = {
			isa = XCBuildConfiguration;
			baseConfigurationReference = 524123A3965A4196A71B3387 /* Pods.xcconfig */;
			buildSettings = {
				ASSETCATALOG_COMPILER_APPICON_NAME = AppIcon;
				ASSETCATALOG_COMPILER_LAUNCHIMAGE_NAME = LaunchImage;
				CODE_SIGN_IDENTITY = "iPhone Distribution: DevelopStuff, LLC (PY95F3888U)";
				"CODE_SIGN_IDENTITY[sdk=iphoneos*]" = "iPhone Distribution: DevelopStuff, LLC (PY95F3888U)";
				GCC_PRECOMPILE_PREFIX_HEADER = YES;
				GCC_PREFIX_HEADER = "PeggyBoard/PeggyBoard-Prefix.pch";
				INFOPLIST_FILE = "PeggyBoard/PeggyBoard-Info.plist";
				PRODUCT_NAME = "$(TARGET_NAME)";
				PROVISIONING_PROFILE = "FA09E824-B643-4BB5-9491-904B2BB02E50";
				WRAPPER_EXTENSION = app;
			};
			name = Release;
		};
		23CD680618356E2C00238761 /* Debug */ = {
			isa = XCBuildConfiguration;
			buildSettings = {
				BUNDLE_LOADER = "$(BUILT_PRODUCTS_DIR)/PeggyBoard.app/PeggyBoard";
				FRAMEWORK_SEARCH_PATHS = (
					"$(SDKROOT)/Developer/Library/Frameworks",
					"$(inherited)",
					"$(DEVELOPER_FRAMEWORKS_DIR)",
				);
				GCC_PRECOMPILE_PREFIX_HEADER = YES;
				GCC_PREFIX_HEADER = "PeggyBoard/PeggyBoard-Prefix.pch";
				GCC_PREPROCESSOR_DEFINITIONS = (
					"DEBUG=1",
					"$(inherited)",
				);
				INFOPLIST_FILE = "PeggyBoardTests/PeggyBoardTests-Info.plist";
				PRODUCT_NAME = "$(TARGET_NAME)";
				TEST_HOST = "$(BUNDLE_LOADER)";
				WRAPPER_EXTENSION = xctest;
			};
			name = Debug;
		};
		23CD680718356E2C00238761 /* Release */ = {
			isa = XCBuildConfiguration;
			buildSettings = {
				BUNDLE_LOADER = "$(BUILT_PRODUCTS_DIR)/PeggyBoard.app/PeggyBoard";
				FRAMEWORK_SEARCH_PATHS = (
					"$(SDKROOT)/Developer/Library/Frameworks",
					"$(inherited)",
					"$(DEVELOPER_FRAMEWORKS_DIR)",
				);
				GCC_PRECOMPILE_PREFIX_HEADER = YES;
				GCC_PREFIX_HEADER = "PeggyBoard/PeggyBoard-Prefix.pch";
				INFOPLIST_FILE = "PeggyBoardTests/PeggyBoardTests-Info.plist";
				PRODUCT_NAME = "$(TARGET_NAME)";
				TEST_HOST = "$(BUNDLE_LOADER)";
				WRAPPER_EXTENSION = xctest;
			};
			name = Release;
		};
/* End XCBuildConfiguration section */

/* Begin XCConfigurationList section */
		23CD67D118356E2C00238761 /* Build configuration list for PBXProject "PeggyBoard" */ = {
			isa = XCConfigurationList;
			buildConfigurations = (
				23CD680018356E2C00238761 /* Debug */,
				23CD680118356E2C00238761 /* Release */,
			);
			defaultConfigurationIsVisible = 0;
			defaultConfigurationName = Release;
		};
		23CD680218356E2C00238761 /* Build configuration list for PBXNativeTarget "PeggyBoard" */ = {
			isa = XCConfigurationList;
			buildConfigurations = (
				23CD680318356E2C00238761 /* Debug */,
				23CD680418356E2C00238761 /* Release */,
			);
			defaultConfigurationIsVisible = 0;
			defaultConfigurationName = Release;
		};
		23CD680518356E2C00238761 /* Build configuration list for PBXNativeTarget "PeggyBoardTests" */ = {
			isa = XCConfigurationList;
			buildConfigurations = (
				23CD680618356E2C00238761 /* Debug */,
				23CD680718356E2C00238761 /* Release */,
			);
			defaultConfigurationIsVisible = 0;
			defaultConfigurationName = Release;
		};
/* End XCConfigurationList section */
	};
	rootObject = 23CD67CE18356E2C00238761 /* Project object */;
}
